github.com/gitApurv/dog v0.0.0-20231212211920-d6973e4e57b1 h1:5ipcEzr5cAmYeSQ/lUvES7wVNZhZh73iaIiBJC97pZc=
github.com/gitApurv/dog v0.0.0-20231212211920-d6973e4e57b1/go.mod h1:tAKM+LCv3LMy6HYe9vzBvIAxaZD3JUBrNGIxoTL1v14=
github.com/gitApurv/puppy v0.0.0-20231212212350-2327bb8fe5ef h1:CNHUlp+oPJ+JZ/s2a71aGvibBnG3AQxOBSRV0ryZk4s=
github.com/gitApurv/puppy v0.0.0-20231212212350-2327bb8fe5ef/go.mod h1:XaHzUEmC5xvAQitGXajhHpsG/s3is0l6dIYOdV8NMzk=
