github.com/apurvmaurya/animal v0.0.0-20231212203017-2ad153edc7a4 h1:EOQQH5uBgHWAbS6Mgdq4wB88yWMu7Kimgoo8akuW7UI=
github.com/apurvmaurya/animal v0.0.0-20231212203017-2ad153edc7a4/go.mod h1:pYqHfGnkc6R1NM95N+96jQIZewjI3StKZ4AcH1dxfMc=
github.com/apurvmaurya/puppy v0.0.0-20231212202115-1bf4ed768674 h1:emGhOXFnjAoPIyb9RADHh/Ytc9AtmkWKWqriqdnxS3k=
github.com/apurvmaurya/puppy v0.0.0-20231212202115-1bf4ed768674/go.mod h1:3T7FGx0VDpvs6yGF+dRZDCdLeVAy5+URVOuuHKTO+ss=
